
Microsoft Visual Studio Solution File, Format Version 12.00
# Visual Studio Version 17
VisualStudioVersion = 17.6.33712.159
MinimumVisualStudioVersion = 10.0.40219.1
Project("{8BC9CEB8-8B4A-11D0-8D11-00A0C91BC942}") = "演習2-2", "演習2-2\演習2-2.vcxproj", "{3095D3E8-15B0-4855-A999-264C9CC58B4C}"
EndProject
Global
	GlobalSection(SolutionConfigurationPlatforms) = preSolution
		Debug|x64 = Debug|x64
		Debug|x86 = Debug|x86
		Release|x64 = Release|x64
		Release|x86 = Release|x86
	EndGlobalSection
	GlobalSection(ProjectConfigurationPlatforms) = postSolution
		{3095D3E8-15B0-4855-A999-264C9CC58B4C}.Debug|x64.ActiveCfg = Debug|x64
		{3095D3E8-15B0-4855-A999-264C9CC58B4C}.Debug|x64.Build.0 = Debug|x64
		{3095D3E8-15B0-4855-A999-264C9CC58B4C}.Debug|x86.ActiveCfg = Debug|Win32
		{3095D3E8-15B0-4855-A999-264C9CC58B4C}.Debug|x86.Build.0 = Debug|Win32
		{3095D3E8-15B0-4855-A999-264C9CC58B4C}.Release|x64.ActiveCfg = Release|x64
		{3095D3E8-15B0-4855-A999-264C9CC58B4C}.Release|x64.Build.0 = Release|x64
		{3095D3E8-15B0-4855-A999-264C9CC58B4C}.Release|x86.ActiveCfg = Release|Win32
		{3095D3E8-15B0-4855-A999-264C9CC58B4C}.Release|x86.Build.0 = Release|Win32
	EndGlobalSection
	GlobalSection(SolutionProperties) = preSolution
		HideSolutionNode = FALSE
	EndGlobalSection
	GlobalSection(ExtensibilityGlobals) = postSolution
		SolutionGuid = {65BAE16F-728B-43D8-8432-DC2A596DFBC0}
	EndGlobalSection
EndGlobal
