
Microsoft Visual Studio Solution File, Format Version 12.00
# Visual Studio Version 17
VisualStudioVersion = 17.6.33712.159
MinimumVisualStudioVersion = 10.0.40219.1
Project("{8BC9CEB8-8B4A-11D0-8D11-00A0C91BC942}") = "MaxOfFour", "MaxOfFour\MaxOfFour.vcxproj", "{4AEA7926-000C-41C6-8E2F-3E218566F810}"
EndProject
Global
	GlobalSection(SolutionConfigurationPlatforms) = preSolution
		Debug|x64 = Debug|x64
		Debug|x86 = Debug|x86
		Release|x64 = Release|x64
		Release|x86 = Release|x86
	EndGlobalSection
	GlobalSection(ProjectConfigurationPlatforms) = postSolution
		{4AEA7926-000C-41C6-8E2F-3E218566F810}.Debug|x64.ActiveCfg = Debug|x64
		{4AEA7926-000C-41C6-8E2F-3E218566F810}.Debug|x64.Build.0 = Debug|x64
		{4AEA7926-000C-41C6-8E2F-3E218566F810}.Debug|x86.ActiveCfg = Debug|Win32
		{4AEA7926-000C-41C6-8E2F-3E218566F810}.Debug|x86.Build.0 = Debug|Win32
		{4AEA7926-000C-41C6-8E2F-3E218566F810}.Release|x64.ActiveCfg = Release|x64
		{4AEA7926-000C-41C6-8E2F-3E218566F810}.Release|x64.Build.0 = Release|x64
		{4AEA7926-000C-41C6-8E2F-3E218566F810}.Release|x86.ActiveCfg = Release|Win32
		{4AEA7926-000C-41C6-8E2F-3E218566F810}.Release|x86.Build.0 = Release|Win32
	EndGlobalSection
	GlobalSection(SolutionProperties) = preSolution
		HideSolutionNode = FALSE
	EndGlobalSection
	GlobalSection(ExtensibilityGlobals) = postSolution
		SolutionGuid = {30E4A83A-0AE5-4BD5-9520-537235B76E84}
	EndGlobalSection
EndGlobal
